
Microsoft Visual Studio Solution File, Format Version 12.00
# Visual Studio Version 17
VisualStudioVersion = 17.0.31903.59
MinimumVisualStudioVersion = 10.0.40219.1
Project("{2150E333-8FDC-42A3-9474-1A3956D46DE8}") = "src", "src", "{827E0CD3-B72D-47B6-A68D-7590B98EB39B}"
EndProject
Project("{FAE04EC0-301F-11D3-BF4B-00C04F79EFBC}") = "ClinicManagement.Domain", "src\ClinicManagement.Domain\ClinicManagement.Domain.csproj", "{76AFD008-25A3-454D-99EB-8B84317EEB85}"
EndProject
Project("{FAE04EC0-301F-11D3-BF4B-00C04F79EFBC}") = "ClinicManagement.Shared", "src\ClinicManagement.Shared\ClinicManagement.Shared.csproj", "{91A724F3-BC56-4A24-8877-DA6228C69AA3}"
EndProject
Project("{FAE04EC0-301F-11D3-BF4B-00C04F79EFBC}") = "ClinicManagement.Application", "src\ClinicManagement.Application\ClinicManagement.Application.csproj", "{DB552B1F-C399-47EE-A2E7-EB718A016FA9}"
EndProject
Project("{FAE04EC0-301F-11D3-BF4B-00C04F79EFBC}") = "ClinicManagement.Infrastructure", "src\ClinicManagement.Infrastructure\ClinicManagement.Infrastructure.csproj", "{73AD59B1-EDA1-4C9B-9685-CDC61494519E}"
EndProject
Project("{FAE04EC0-301F-11D3-BF4B-00C04F79EFBC}") = "ClinicManagement.WebApi", "src\ClinicManagement.WebApi\ClinicManagement.WebApi.csproj", "{F33CE78A-EE8B-40A4-8973-E06802407A27}"
EndProject
Project("{2150E333-8FDC-42A3-9474-1A3956D46DE8}") = "tests", "tests", "{0AB3BF05-4346-4AA6-1389-037BE0695223}"
EndProject
Project("{FAE04EC0-301F-11D3-BF4B-00C04F79EFBC}") = "UnitTests", "tests\UnitTests\UnitTests.csproj", "{1B9E96EB-5F17-4073-B9B9-DB1ECE8E363D}"
EndProject
Project("{FAE04EC0-301F-11D3-BF4B-00C04F79EFBC}") = "IntegrationTests", "tests\IntegrationTests\IntegrationTests.csproj", "{FDA699A1-847A-4109-8C89-CF7718025301}"
EndProject
Global
	GlobalSection(SolutionConfigurationPlatforms) = preSolution
		Debug|Any CPU = Debug|Any CPU
		Debug|x64 = Debug|x64
		Debug|x86 = Debug|x86
		Release|Any CPU = Release|Any CPU
		Release|x64 = Release|x64
		Release|x86 = Release|x86
	EndGlobalSection
	GlobalSection(ProjectConfigurationPlatforms) = postSolution
		{76AFD008-25A3-454D-99EB-8B84317EEB85}.Debug|Any CPU.ActiveCfg = Debug|Any CPU
		{76AFD008-25A3-454D-99EB-8B84317EEB85}.Debug|Any CPU.Build.0 = Debug|Any CPU
		{76AFD008-25A3-454D-99EB-8B84317EEB85}.Debug|x64.ActiveCfg = Debug|Any CPU
		{76AFD008-25A3-454D-99EB-8B84317EEB85}.Debug|x64.Build.0 = Debug|Any CPU
		{76AFD008-25A3-454D-99EB-8B84317EEB85}.Debug|x86.ActiveCfg = Debug|Any CPU
		{76AFD008-25A3-454D-99EB-8B84317EEB85}.Debug|x86.Build.0 = Debug|Any CPU
		{76AFD008-25A3-454D-99EB-8B84317EEB85}.Release|Any CPU.ActiveCfg = Release|Any CPU
		{76AFD008-25A3-454D-99EB-8B84317EEB85}.Release|Any CPU.Build.0 = Release|Any CPU
		{76AFD008-25A3-454D-99EB-8B84317EEB85}.Release|x64.ActiveCfg = Release|Any CPU
		{76AFD008-25A3-454D-99EB-8B84317EEB85}.Release|x64.Build.0 = Release|Any CPU
		{76AFD008-25A3-454D-99EB-8B84317EEB85}.Release|x86.ActiveCfg = Release|Any CPU
		{76AFD008-25A3-454D-99EB-8B84317EEB85}.Release|x86.Build.0 = Release|Any CPU
		{91A724F3-BC56-4A24-8877-DA6228C69AA3}.Debug|Any CPU.ActiveCfg = Debug|Any CPU
		{91A724F3-BC56-4A24-8877-DA6228C69AA3}.Debug|Any CPU.Build.0 = Debug|Any CPU
		{91A724F3-BC56-4A24-8877-DA6228C69AA3}.Debug|x64.ActiveCfg = Debug|Any CPU
		{91A724F3-BC56-4A24-8877-DA6228C69AA3}.Debug|x64.Build.0 = Debug|Any CPU
		{91A724F3-BC56-4A24-8877-DA6228C69AA3}.Debug|x86.ActiveCfg = Debug|Any CPU
		{91A724F3-BC56-4A24-8877-DA6228C69AA3}.Debug|x86.Build.0 = Debug|Any CPU
		{91A724F3-BC56-4A24-8877-DA6228C69AA3}.Release|Any CPU.ActiveCfg = Release|Any CPU
		{91A724F3-BC56-4A24-8877-DA6228C69AA3}.Release|Any CPU.Build.0 = Release|Any CPU
		{91A724F3-BC56-4A24-8877-DA6228C69AA3}.Release|x64.ActiveCfg = Release|Any CPU
		{91A724F3-BC56-4A24-8877-DA6228C69AA3}.Release|x64.Build.0 = Release|Any CPU
		{91A724F3-BC56-4A24-8877-DA6228C69AA3}.Release|x86.ActiveCfg = Release|Any CPU
		{91A724F3-BC56-4A24-8877-DA6228C69AA3}.Release|x86.Build.0 = Release|Any CPU
		{DB552B1F-C399-47EE-A2E7-EB718A016FA9}.Debug|Any CPU.ActiveCfg = Debug|Any CPU
		{DB552B1F-C399-47EE-A2E7-EB718A016FA9}.Debug|Any CPU.Build.0 = Debug|Any CPU
		{DB552B1F-C399-47EE-A2E7-EB718A016FA9}.Debug|x64.ActiveCfg = Debug|Any CPU
		{DB552B1F-C399-47EE-A2E7-EB718A016FA9}.Debug|x64.Build.0 = Debug|Any CPU
		{DB552B1F-C399-47EE-A2E7-EB718A016FA9}.Debug|x86.ActiveCfg = Debug|Any CPU
		{DB552B1F-C399-47EE-A2E7-EB718A016FA9}.Debug|x86.Build.0 = Debug|Any CPU
		{DB552B1F-C399-47EE-A2E7-EB718A016FA9}.Release|Any CPU.ActiveCfg = Release|Any CPU
		{DB552B1F-C399-47EE-A2E7-EB718A016FA9}.Release|Any CPU.Build.0 = Release|Any CPU
		{DB552B1F-C399-47EE-A2E7-EB718A016FA9}.Release|x64.ActiveCfg = Release|Any CPU
		{DB552B1F-C399-47EE-A2E7-EB718A016FA9}.Release|x64.Build.0 = Release|Any CPU
		{DB552B1F-C399-47EE-A2E7-EB718A016FA9}.Release|x86.ActiveCfg = Release|Any CPU
		{DB552B1F-C399-47EE-A2E7-EB718A016FA9}.Release|x86.Build.0 = Release|Any CPU
		{73AD59B1-EDA1-4C9B-9685-CDC61494519E}.Debug|Any CPU.ActiveCfg = Debug|Any CPU
		{73AD59B1-EDA1-4C9B-9685-CDC61494519E}.Debug|Any CPU.Build.0 = Debug|Any CPU
		{73AD59B1-EDA1-4C9B-9685-CDC61494519E}.Debug|x64.ActiveCfg = Debug|Any CPU
		{73AD59B1-EDA1-4C9B-9685-CDC61494519E}.Debug|x64.Build.0 = Debug|Any CPU
		{73AD59B1-EDA1-4C9B-9685-CDC61494519E}.Debug|x86.ActiveCfg = Debug|Any CPU
		{73AD59B1-EDA1-4C9B-9685-CDC61494519E}.Debug|x86.Build.0 = Debug|Any CPU
		{73AD59B1-EDA1-4C9B-9685-CDC61494519E}.Release|Any CPU.ActiveCfg = Release|Any CPU
		{73AD59B1-EDA1-4C9B-9685-CDC61494519E}.Release|Any CPU.Build.0 = Release|Any CPU
		{73AD59B1-EDA1-4C9B-9685-CDC61494519E}.Release|x64.ActiveCfg = Release|Any CPU
		{73AD59B1-EDA1-4C9B-9685-CDC61494519E}.Release|x64.Build.0 = Release|Any CPU
		{73AD59B1-EDA1-4C9B-9685-CDC61494519E}.Release|x86.ActiveCfg = Release|Any CPU
		{73AD59B1-EDA1-4C9B-9685-CDC61494519E}.Release|x86.Build.0 = Release|Any CPU
		{F33CE78A-EE8B-40A4-8973-E06802407A27}.Debug|Any CPU.ActiveCfg = Debug|Any CPU
		{F33CE78A-EE8B-40A4-8973-E06802407A27}.Debug|Any CPU.Build.0 = Debug|Any CPU
		{F33CE78A-EE8B-40A4-8973-E06802407A27}.Debug|x64.ActiveCfg = Debug|Any CPU
		{F33CE78A-EE8B-40A4-8973-E06802407A27}.Debug|x64.Build.0 = Debug|Any CPU
		{F33CE78A-EE8B-40A4-8973-E06802407A27}.Debug|x86.ActiveCfg = Debug|Any CPU
		{F33CE78A-EE8B-40A4-8973-E06802407A27}.Debug|x86.Build.0 = Debug|Any CPU
		{F33CE78A-EE8B-40A4-8973-E06802407A27}.Release|Any CPU.ActiveCfg = Release|Any CPU
		{F33CE78A-EE8B-40A4-8973-E06802407A27}.Release|Any CPU.Build.0 = Release|Any CPU
		{F33CE78A-EE8B-40A4-8973-E06802407A27}.Release|x64.ActiveCfg = Release|Any CPU
		{F33CE78A-EE8B-40A4-8973-E06802407A27}.Release|x64.Build.0 = Release|Any CPU
		{F33CE78A-EE8B-40A4-8973-E06802407A27}.Release|x86.ActiveCfg = Release|Any CPU
		{F33CE78A-EE8B-40A4-8973-E06802407A27}.Release|x86.Build.0 = Release|Any CPU
		{1B9E96EB-5F17-4073-B9B9-DB1ECE8E363D}.Debug|Any CPU.ActiveCfg = Debug|Any CPU
		{1B9E96EB-5F17-4073-B9B9-DB1ECE8E363D}.Debug|Any CPU.Build.0 = Debug|Any CPU
		{1B9E96EB-5F17-4073-B9B9-DB1ECE8E363D}.Debug|x64.ActiveCfg = Debug|Any CPU
		{1B9E96EB-5F17-4073-B9B9-DB1ECE8E363D}.Debug|x64.Build.0 = Debug|Any CPU
		{1B9E96EB-5F17-4073-B9B9-DB1ECE8E363D}.Debug|x86.ActiveCfg = Debug|Any CPU
		{1B9E96EB-5F17-4073-B9B9-DB1ECE8E363D}.Debug|x86.Build.0 = Debug|Any CPU
		{1B9E96EB-5F17-4073-B9B9-DB1ECE8E363D}.Release|Any CPU.ActiveCfg = Release|Any CPU
		{1B9E96EB-5F17-4073-B9B9-DB1ECE8E363D}.Release|Any CPU.Build.0 = Release|Any CPU
		{1B9E96EB-5F17-4073-B9B9-DB1ECE8E363D}.Release|x64.ActiveCfg = Release|Any CPU
		{1B9E96EB-5F17-4073-B9B9-DB1ECE8E363D}.Release|x64.Build.0 = Release|Any CPU
		{1B9E96EB-5F17-4073-B9B9-DB1ECE8E363D}.Release|x86.ActiveCfg = Release|Any CPU
		{1B9E96EB-5F17-4073-B9B9-DB1ECE8E363D}.Release|x86.Build.0 = Release|Any CPU
		{FDA699A1-847A-4109-8C89-CF7718025301}.Debug|Any CPU.ActiveCfg = Debug|Any CPU
		{FDA699A1-847A-4109-8C89-CF7718025301}.Debug|Any CPU.Build.0 = Debug|Any CPU
		{FDA699A1-847A-4109-8C89-CF7718025301}.Debug|x64.ActiveCfg = Debug|Any CPU
		{FDA699A1-847A-4109-8C89-CF7718025301}.Debug|x64.Build.0 = Debug|Any CPU
		{FDA699A1-847A-4109-8C89-CF7718025301}.Debug|x86.ActiveCfg = Debug|Any CPU
		{FDA699A1-847A-4109-8C89-CF7718025301}.Debug|x86.Build.0 = Debug|Any CPU
		{FDA699A1-847A-4109-8C89-CF7718025301}.Release|Any CPU.ActiveCfg = Release|Any CPU
		{FDA699A1-847A-4109-8C89-CF7718025301}.Release|Any CPU.Build.0 = Release|Any CPU
		{FDA699A1-847A-4109-8C89-CF7718025301}.Release|x64.ActiveCfg = Release|Any CPU
		{FDA699A1-847A-4109-8C89-CF7718025301}.Release|x64.Build.0 = Release|Any CPU
		{FDA699A1-847A-4109-8C89-CF7718025301}.Release|x86.ActiveCfg = Release|Any CPU
		{FDA699A1-847A-4109-8C89-CF7718025301}.Release|x86.Build.0 = Release|Any CPU
	EndGlobalSection
	GlobalSection(SolutionProperties) = preSolution
		HideSolutionNode = FALSE
	EndGlobalSection
	GlobalSection(NestedProjects) = preSolution
		{76AFD008-25A3-454D-99EB-8B84317EEB85} = {827E0CD3-B72D-47B6-A68D-7590B98EB39B}
		{91A724F3-BC56-4A24-8877-DA6228C69AA3} = {827E0CD3-B72D-47B6-A68D-7590B98EB39B}
		{DB552B1F-C399-47EE-A2E7-EB718A016FA9} = {827E0CD3-B72D-47B6-A68D-7590B98EB39B}
		{73AD59B1-EDA1-4C9B-9685-CDC61494519E} = {827E0CD3-B72D-47B6-A68D-7590B98EB39B}
		{F33CE78A-EE8B-40A4-8973-E06802407A27} = {827E0CD3-B72D-47B6-A68D-7590B98EB39B}
		{1B9E96EB-5F17-4073-B9B9-DB1ECE8E363D} = {0AB3BF05-4346-4AA6-1389-037BE0695223}
		{FDA699A1-847A-4109-8C89-CF7718025301} = {0AB3BF05-4346-4AA6-1389-037BE0695223}
	EndGlobalSection
EndGlobal
